// !$*UTF8*$!
{
	archiveVersion = 1;
	classes = {
	};
	objectVersion = 46;
	objects = {

/* Begin PBXBuildFile section */
		0B0F43AE3C9EE78033D6EF7B /* Pods_RxBaseProject_Example.framework in Frameworks */ = {isa = PBXBuildFile; fileRef = 8AA8BE8E1FED9EB0FB4FE603 /* Pods_RxBaseProject_Example.framework */; };
		607FACEC1AFB9204008FA782 /* Tests.swift in Sources */ = {isa = PBXBuildFile; fileRef = 607FACEB1AFB9204008FA782 /* Tests.swift */; };
		A75774071EB0A10A004FC921 /* AppDelegate.swift in Sources */ = {isa = PBXBuildFile; fileRef = A75773F31EB0A10A004FC921 /* AppDelegate.swift */; };
		A75774081EB0A10A004FC921 /* Info.plist in Resources */ = {isa = PBXBuildFile; fileRef = A75773F41EB0A10A004FC921 /* Info.plist */; };
		A75774091EB0A10A004FC921 /* Images.xcassets in Resources */ = {isa = PBXBuildFile; fileRef = A75773F61EB0A10A004FC921 /* Images.xcassets */; };
		A757740A1EB0A10A004FC921 /* BaseModel.swift in Sources */ = {isa = PBXBuildFile; fileRef = A75773F91EB0A10A004FC921 /* BaseModel.swift */; };
		A757740B1EB0A10A004FC921 /* NewsModel.swift in Sources */ = {isa = PBXBuildFile; fileRef = A75773FA1EB0A10A004FC921 /* NewsModel.swift */; };
		A757740C1EB0A10A004FC921 /* APIManager.swift in Sources */ = {isa = PBXBuildFile; fileRef = A75773FC1EB0A10A004FC921 /* APIManager.swift */; };
		A757740D1EB0A10A004FC921 /* MiniCashAPI.swift in Sources */ = {isa = PBXBuildFile; fileRef = A75773FD1EB0A10A004FC921 /* MiniCashAPI.swift */; };
		A75774101EB0A10A004FC921 /* LaunchScreen.xib in Resources */ = {isa = PBXBuildFile; fileRef = A75774031EB0A10A004FC921 /* LaunchScreen.xib */; };
		A75774111EB0A10A004FC921 /* Main.storyboard in Resources */ = {isa = PBXBuildFile; fileRef = A75774051EB0A10A004FC921 /* Main.storyboard */; };
		A75774141EB0A215004FC921 /* NewsListViewController.swift in Sources */ = {isa = PBXBuildFile; fileRef = A75774131EB0A215004FC921 /* NewsListViewController.swift */; };
		A75774171EB0AB0B004FC921 /* ReusableCells.swift in Sources */ = {isa = PBXBuildFile; fileRef = A75774151EB0AB0B004FC921 /* ReusableCells.swift */; };
		A75774181EB0AB0B004FC921 /* DataSourcesListSections.swift in Sources */ = {isa = PBXBuildFile; fileRef = A75774161EB0AB0B004FC921 /* DataSourcesListSections.swift */; };
		A757741D1EB0ACAD004FC921 /* NewsListTableViewCell.swift in Sources */ = {isa = PBXBuildFile; fileRef = A757741B1EB0ACAD004FC921 /* NewsListTableViewCell.swift */; };
		A757741E1EB0ACAD004FC921 /* NewsListTableViewCell.xib in Resources */ = {isa = PBXBuildFile; fileRef = A757741C1EB0ACAD004FC921 /* NewsListTableViewCell.xib */; };
		A75774211EB0ACE3004FC921 /* ExampleViewModel.swift in Sources */ = {isa = PBXBuildFile; fileRef = A75774201EB0ACE3004FC921 /* ExampleViewModel.swift */; };
		A75774231EB0ACFD004FC921 /* NewListCellViewModel.swift in Sources */ = {isa = PBXBuildFile; fileRef = A75774221EB0ACFD004FC921 /* NewListCellViewModel.swift */; };
		A75774251EB0BEE4004FC921 /* NewsItemModel.swift in Sources */ = {isa = PBXBuildFile; fileRef = A75774241EB0BEE4004FC921 /* NewsItemModel.swift */; };
		A75774271EB0BF74004FC921 /* BookModel.swift in Sources */ = {isa = PBXBuildFile; fileRef = A75774261EB0BF74004FC921 /* BookModel.swift */; };
		A7E1BFDB1E9D570F00ADFE30 /* RxBaseProject.framework in Frameworks */ = {isa = PBXBuildFile; fileRef = A7E1BFDA1E9D570F00ADFE30 /* RxBaseProject.framework */; };
		ADEEE02BEBB631C8FF690B94 /* Pods_RxBaseProject_Tests.framework in Frameworks */ = {isa = PBXBuildFile; fileRef = 2E56473E7AF5B7A97AD8D976 /* Pods_RxBaseProject_Tests.framework */; };
/* End PBXBuildFile section */

/* Begin PBXContainerItemProxy section */
		607FACE61AFB9204008FA782 /* PBXContainerItemProxy */ = {
			isa = PBXContainerItemProxy;
			containerPortal = 607FACC81AFB9204008FA782 /* Project object */;
			proxyType = 1;
			remoteGlobalIDString = 607FACCF1AFB9204008FA782;
			remoteInfo = RxBaseProject;
		};
/* End PBXContainerItemProxy section */

/* Begin PBXFileReference section */
		2B6EAE07340038951DEF046E /* Pods-RxBaseProject_Tests.debug.xcconfig */ = {isa = PBXFileReference; includeInIndex = 1; lastKnownFileType = text.xcconfig; name = "Pods-RxBaseProject_Tests.debug.xcconfig"; path = "Pods/Target Support Files/Pods-RxBaseProject_Tests/Pods-RxBaseProject_Tests.debug.xcconfig"; sourceTree = "<group>"; };
		2E56473E7AF5B7A97AD8D976 /* Pods_RxBaseProject_Tests.framework */ = {isa = PBXFileReference; explicitFileType = wrapper.framework; includeInIndex = 0; path = Pods_RxBaseProject_Tests.framework; sourceTree = BUILT_PRODUCTS_DIR; };
		4E268323C9F9022291B35788 /* LICENSE */ = {isa = PBXFileReference; includeInIndex = 1; lastKnownFileType = text; name = LICENSE; path = ../LICENSE; sourceTree = "<group>"; };
		607FACD01AFB9204008FA782 /* RxBaseProject_Example.app */ = {isa = PBXFileReference; explicitFileType = wrapper.application; includeInIndex = 0; path = RxBaseProject_Example.app; sourceTree = BUILT_PRODUCTS_DIR; };
		607FACE51AFB9204008FA782 /* RxBaseProject_Tests.xctest */ = {isa = PBXFileReference; explicitFileType = wrapper.cfbundle; includeInIndex = 0; path = RxBaseProject_Tests.xctest; sourceTree = BUILT_PRODUCTS_DIR; };
		607FACEA1AFB9204008FA782 /* Info.plist */ = {isa = PBXFileReference; lastKnownFileType = text.plist.xml; path = Info.plist; sourceTree = "<group>"; };
		607FACEB1AFB9204008FA782 /* Tests.swift */ = {isa = PBXFileReference; lastKnownFileType = sourcecode.swift; path = Tests.swift; sourceTree = "<group>"; };
		739050438DD8FD7963974660 /* Pods-RxBaseProject_Example.debug.xcconfig */ = {isa = PBXFileReference; includeInIndex = 1; lastKnownFileType = text.xcconfig; name = "Pods-RxBaseProject_Example.debug.xcconfig"; path = "Pods/Target Support Files/Pods-RxBaseProject_Example/Pods-RxBaseProject_Example.debug.xcconfig"; sourceTree = "<group>"; };
		8AA8BE8E1FED9EB0FB4FE603 /* Pods_RxBaseProject_Example.framework */ = {isa = PBXFileReference; explicitFileType = wrapper.framework; includeInIndex = 0; path = Pods_RxBaseProject_Example.framework; sourceTree = BUILT_PRODUCTS_DIR; };
		A75773F31EB0A10A004FC921 /* AppDelegate.swift */ = {isa = PBXFileReference; fileEncoding = 4; lastKnownFileType = sourcecode.swift; path = AppDelegate.swift; sourceTree = "<group>"; };
		A75773F41EB0A10A004FC921 /* Info.plist */ = {isa = PBXFileReference; fileEncoding = 4; lastKnownFileType = text.plist.xml; path = Info.plist; sourceTree = "<group>"; };
		A75773F61EB0A10A004FC921 /* Images.xcassets */ = {isa = PBXFileReference; lastKnownFileType = folder.assetcatalog; path = Images.xcassets; sourceTree = "<group>"; };
		A75773F91EB0A10A004FC921 /* BaseModel.swift */ = {isa = PBXFileReference; fileEncoding = 4; lastKnownFileType = sourcecode.swift; path = BaseModel.swift; sourceTree = "<group>"; };
		A75773FA1EB0A10A004FC921 /* NewsModel.swift */ = {isa = PBXFileReference; fileEncoding = 4; lastKnownFileType = sourcecode.swift; path = NewsModel.swift; sourceTree = "<group>"; };
		A75773FC1EB0A10A004FC921 /* APIManager.swift */ = {isa = PBXFileReference; fileEncoding = 4; lastKnownFileType = sourcecode.swift; path = APIManager.swift; sourceTree = "<group>"; };
		A75773FD1EB0A10A004FC921 /* MiniCashAPI.swift */ = {isa = PBXFileReference; fileEncoding = 4; lastKnownFileType = sourcecode.swift; path = MiniCashAPI.swift; sourceTree = "<group>"; };
		A75774041EB0A10A004FC921 /* Base */ = {isa = PBXFileReference; lastKnownFileType = file.xib; name = Base; path = Base.lproj/LaunchScreen.xib; sourceTree = "<group>"; };
		A75774061EB0A10A004FC921 /* Base */ = {isa = PBXFileReference; lastKnownFileType = file.storyboard; name = Base; path = Base.lproj/Main.storyboard; sourceTree = "<group>"; };
		A75774131EB0A215004FC921 /* NewsListViewController.swift */ = {isa = PBXFileReference; fileEncoding = 4; lastKnownFileType = sourcecode.swift; path = NewsListViewController.swift; sourceTree = "<group>"; };
		A75774151EB0AB0B004FC921 /* ReusableCells.swift */ = {isa = PBXFileReference; fileEncoding = 4; lastKnownFileType = sourcecode.swift; path = ReusableCells.swift; sourceTree = "<group>"; };
		A75774161EB0AB0B004FC921 /* DataSourcesListSections.swift */ = {isa = PBXFileReference; fileEncoding = 4; lastKnownFileType = sourcecode.swift; path = DataSourcesListSections.swift; sourceTree = "<group>"; };
		A757741B1EB0ACAD004FC921 /* NewsListTableViewCell.swift */ = {isa = PBXFileReference; fileEncoding = 4; lastKnownFileType = sourcecode.swift; path = NewsListTableViewCell.swift; sourceTree = "<group>"; };
		A757741C1EB0ACAD004FC921 /* NewsListTableViewCell.xib */ = {isa = PBXFileReference; fileEncoding = 4; lastKnownFileType = file.xib; path = NewsListTableViewCell.xib; sourceTree = "<group>"; };
		A75774201EB0ACE3004FC921 /* ExampleViewModel.swift */ = {isa = PBXFileReference; fileEncoding = 4; lastKnownFileType = sourcecode.swift; path = ExampleViewModel.swift; sourceTree = "<group>"; };
		A75774221EB0ACFD004FC921 /* NewListCellViewModel.swift */ = {isa = PBXFileReference; fileEncoding = 4; lastKnownFileType = sourcecode.swift; path = NewListCellViewModel.swift; sourceTree = "<group>"; };
		A75774241EB0BEE4004FC921 /* NewsItemModel.swift */ = {isa = PBXFileReference; fileEncoding = 4; lastKnownFileType = sourcecode.swift; path = NewsItemModel.swift; sourceTree = "<group>"; };
		A75774261EB0BF74004FC921 /* BookModel.swift */ = {isa = PBXFileReference; fileEncoding = 4; lastKnownFileType = sourcecode.swift; path = BookModel.swift; sourceTree = "<group>"; };
		A7E1BFDA1E9D570F00ADFE30 /* RxBaseProject.framework */ = {isa = PBXFileReference; lastKnownFileType = wrapper.framework; name = RxBaseProject.framework; path = "../../../../../../Library/Developer/Xcode/DerivedData/RxBaseProject-euvqiasqwlhcuhceyilatpbpurvu/Build/Products/Debug-iphonesimulator/RxBaseProject/RxBaseProject.framework"; sourceTree = "<group>"; };
		B832396BBEB3661C6BA8FB01 /* RxBaseProject.podspec */ = {isa = PBXFileReference; includeInIndex = 1; lastKnownFileType = text; name = RxBaseProject.podspec; path = ../RxBaseProject.podspec; sourceTree = "<group>"; };
		C5639C4C3E4FD6E26611AD0C /* Pods-RxBaseProject_Example.release.xcconfig */ = {isa = PBXFileReference; includeInIndex = 1; lastKnownFileType = text.xcconfig; name = "Pods-RxBaseProject_Example.release.xcconfig"; path = "Pods/Target Support Files/Pods-RxBaseProject_Example/Pods-RxBaseProject_Example.release.xcconfig"; sourceTree = "<group>"; };
		F53C8E47AACA684A521BE24B /* Pods-RxBaseProject_Tests.release.xcconfig */ = {isa = PBXFileReference; includeInIndex = 1; lastKnownFileType = text.xcconfig; name = "Pods-RxBaseProject_Tests.release.xcconfig"; path = "Pods/Target Support Files/Pods-RxBaseProject_Tests/Pods-RxBaseProject_Tests.release.xcconfig"; sourceTree = "<group>"; };
		F5EB1371380337AF150DE920 /* README.md */ = {isa = PBXFileReference; includeInIndex = 1; lastKnownFileType = net.daringfireball.markdown; name = README.md; path = ../README.md; sourceTree = "<group>"; };
/* End PBXFileReference section */

/* Begin PBXFrameworksBuildPhase section */
		607FACCD1AFB9204008FA782 /* Frameworks */ = {
			isa = PBXFrameworksBuildPhase;
			buildActionMask = 2147483647;
			files = (
				A7E1BFDB1E9D570F00ADFE30 /* RxBaseProject.framework in Frameworks */,
				0B0F43AE3C9EE78033D6EF7B /* Pods_RxBaseProject_Example.framework in Frameworks */,
			);
			runOnlyForDeploymentPostprocessing = 0;
		};
		607FACE21AFB9204008FA782 /* Frameworks */ = {
			isa = PBXFrameworksBuildPhase;
			buildActionMask = 2147483647;
			files = (
				ADEEE02BEBB631C8FF690B94 /* Pods_RxBaseProject_Tests.framework in Frameworks */,
			);
			runOnlyForDeploymentPostprocessing = 0;
		};
/* End PBXFrameworksBuildPhase section */

/* Begin PBXGroup section */
		34D4AE7A23FA4D53C40101E4 /* Frameworks */ = {
			isa = PBXGroup;
			children = (
				A7E1BFDA1E9D570F00ADFE30 /* RxBaseProject.framework */,
				8AA8BE8E1FED9EB0FB4FE603 /* Pods_RxBaseProject_Example.framework */,
				2E56473E7AF5B7A97AD8D976 /* Pods_RxBaseProject_Tests.framework */,
			);
			name = Frameworks;
			sourceTree = "<group>";
		};
		607FACC71AFB9204008FA782 = {
			isa = PBXGroup;
			children = (
				A75773F21EB0A10A004FC921 /* RxBaseProject */,
				607FACF51AFB993E008FA782 /* Podspec Metadata */,
				607FACE81AFB9204008FA782 /* Tests */,
				607FACD11AFB9204008FA782 /* Products */,
				C4BD4C7C23BE6AE30AC4C430 /* Pods */,
				34D4AE7A23FA4D53C40101E4 /* Frameworks */,
			);
			sourceTree = "<group>";
		};
		607FACD11AFB9204008FA782 /* Products */ = {
			isa = PBXGroup;
			children = (
				607FACD01AFB9204008FA782 /* RxBaseProject_Example.app */,
				607FACE51AFB9204008FA782 /* RxBaseProject_Tests.xctest */,
			);
			name = Products;
			sourceTree = "<group>";
		};
		607FACE81AFB9204008FA782 /* Tests */ = {
			isa = PBXGroup;
			children = (
				607FACEB1AFB9204008FA782 /* Tests.swift */,
				607FACE91AFB9204008FA782 /* Supporting Files */,
			);
			path = Tests;
			sourceTree = "<group>";
		};
		607FACE91AFB9204008FA782 /* Supporting Files */ = {
			isa = PBXGroup;
			children = (
				607FACEA1AFB9204008FA782 /* Info.plist */,
			);
			name = "Supporting Files";
			sourceTree = "<group>";
		};
		607FACF51AFB993E008FA782 /* Podspec Metadata */ = {
			isa = PBXGroup;
			children = (
				B832396BBEB3661C6BA8FB01 /* RxBaseProject.podspec */,
				F5EB1371380337AF150DE920 /* README.md */,
				4E268323C9F9022291B35788 /* LICENSE */,
			);
			name = "Podspec Metadata";
			sourceTree = "<group>";
		};
		A75773F21EB0A10A004FC921 /* RxBaseProject */ = {
			isa = PBXGroup;
			children = (
				A75773F31EB0A10A004FC921 /* AppDelegate.swift */,
				A75773F41EB0A10A004FC921 /* Info.plist */,
				A75773F71EB0A10A004FC921 /* Sources */,
				A75773F51EB0A10A004FC921 /* Resources */,
			);
			path = RxBaseProject;
			sourceTree = "<group>";
		};
		A75773F51EB0A10A004FC921 /* Resources */ = {
			isa = PBXGroup;
			children = (
				A75773F61EB0A10A004FC921 /* Images.xcassets */,
			);
			path = Resources;
			sourceTree = "<group>";
		};
		A75773F71EB0A10A004FC921 /* Sources */ = {
			isa = PBXGroup;
			children = (
				A75773F81EB0A10A004FC921 /* Models */,
				A75773FB1EB0A10A004FC921 /* Networking */,
				A75773FE1EB0A10A004FC921 /* ViewController */,
				A75774001EB0A10A004FC921 /* ViewModels */,
				A75774021EB0A10A004FC921 /* Views */,
			);
			path = Sources;
			sourceTree = "<group>";
		};
		A75773F81EB0A10A004FC921 /* Models */ = {
			isa = PBXGroup;
			children = (
				A75773F91EB0A10A004FC921 /* BaseModel.swift */,
				A75773FA1EB0A10A004FC921 /* NewsModel.swift */,
				A75774241EB0BEE4004FC921 /* NewsItemModel.swift */,
				A75774261EB0BF74004FC921 /* BookModel.swift */,
			);
			path = Models;
			sourceTree = "<group>";
		};
		A75773FB1EB0A10A004FC921 /* Networking */ = {
			isa = PBXGroup;
			children = (
				A75773FC1EB0A10A004FC921 /* APIManager.swift */,
				A75773FD1EB0A10A004FC921 /* MiniCashAPI.swift */,
			);
			path = Networking;
			sourceTree = "<group>";
		};
		A75773FE1EB0A10A004FC921 /* ViewController */ = {
			isa = PBXGroup;
			children = (
				A75774121EB0A1F3004FC921 /* NewsList */,
			);
			path = ViewController;
			sourceTree = "<group>";
		};
		A75774001EB0A10A004FC921 /* ViewModels */ = {
			isa = PBXGroup;
			children = (
				A757741F1EB0ACD5004FC921 /* NewList */,
			);
			path = ViewModels;
			sourceTree = "<group>";
		};
		A75774021EB0A10A004FC921 /* Views */ = {
			isa = PBXGroup;
			children = (
				A75774191EB0AB18004FC921 /* CustomViews */,
				A75774151EB0AB0B004FC921 /* ReusableCells.swift */,
				A75774161EB0AB0B004FC921 /* DataSourcesListSections.swift */,
				A75774031EB0A10A004FC921 /* LaunchScreen.xib */,
				A75774051EB0A10A004FC921 /* Main.storyboard */,
			);
			path = Views;
			sourceTree = "<group>";
		};
		A75774121EB0A1F3004FC921 /* NewsList */ = {
			isa = PBXGroup;
			children = (
				A75774131EB0A215004FC921 /* NewsListViewController.swift */,
			);
			path = NewsList;
			sourceTree = "<group>";
		};
		A75774191EB0AB18004FC921 /* CustomViews */ = {
			isa = PBXGroup;
			children = (
				A757741A1EB0AB2C004FC921 /* NewsList */,
			);
			path = CustomViews;
			sourceTree = "<group>";
		};
		A757741A1EB0AB2C004FC921 /* NewsList */ = {
			isa = PBXGroup;
			children = (
				A757741B1EB0ACAD004FC921 /* NewsListTableViewCell.swift */,
				A757741C1EB0ACAD004FC921 /* NewsListTableViewCell.xib */,
			);
			path = NewsList;
			sourceTree = "<group>";
		};
		A757741F1EB0ACD5004FC921 /* NewList */ = {
			isa = PBXGroup;
			children = (
				A75774201EB0ACE3004FC921 /* ExampleViewModel.swift */,
				A75774221EB0ACFD004FC921 /* NewListCellViewModel.swift */,
			);
			path = NewList;
			sourceTree = "<group>";
		};
		C4BD4C7C23BE6AE30AC4C430 /* Pods */ = {
			isa = PBXGroup;
			children = (
				739050438DD8FD7963974660 /* Pods-RxBaseProject_Example.debug.xcconfig */,
				C5639C4C3E4FD6E26611AD0C /* Pods-RxBaseProject_Example.release.xcconfig */,
				2B6EAE07340038951DEF046E /* Pods-RxBaseProject_Tests.debug.xcconfig */,
				F53C8E47AACA684A521BE24B /* Pods-RxBaseProject_Tests.release.xcconfig */,
			);
			name = Pods;
			sourceTree = "<group>";
		};
/* End PBXGroup section */

/* Begin PBXNativeTarget section */
		607FACCF1AFB9204008FA782 /* RxBaseProject_Example */ = {
			isa = PBXNativeTarget;
			buildConfigurationList = 607FACEF1AFB9204008FA782 /* Build configuration list for PBXNativeTarget "RxBaseProject_Example" */;
			buildPhases = (
				F9807B6A60021C8607155692 /* [CP] Check Pods Manifest.lock */,
				607FACCC1AFB9204008FA782 /* Sources */,
				607FACCD1AFB9204008FA782 /* Frameworks */,
				607FACCE1AFB9204008FA782 /* Resources */,
				7D167ADED14603D3499E8BB8 /* [CP] Embed Pods Frameworks */,
				D71B308DDD32817877EF14A8 /* [CP] Copy Pods Resources */,
			);
			buildRules = (
			);
			dependencies = (
			);
			name = RxBaseProject_Example;
			productName = RxBaseProject;
			productReference = 607FACD01AFB9204008FA782 /* RxBaseProject_Example.app */;
			productType = "com.apple.product-type.application";
		};
		607FACE41AFB9204008FA782 /* RxBaseProject_Tests */ = {
			isa = PBXNativeTarget;
			buildConfigurationList = 607FACF21AFB9204008FA782 /* Build configuration list for PBXNativeTarget "RxBaseProject_Tests" */;
			buildPhases = (
				251B8DFF5F5CB8840D720CDE /* [CP] Check Pods Manifest.lock */,
				607FACE11AFB9204008FA782 /* Sources */,
				607FACE21AFB9204008FA782 /* Frameworks */,
				607FACE31AFB9204008FA782 /* Resources */,
				16F383B2E213C4B6EF6F8BA0 /* [CP] Embed Pods Frameworks */,
				45988B8A6C8E81B5ADF3FE22 /* [CP] Copy Pods Resources */,
			);
			buildRules = (
			);
			dependencies = (
				607FACE71AFB9204008FA782 /* PBXTargetDependency */,
			);
			name = RxBaseProject_Tests;
			productName = Tests;
			productReference = 607FACE51AFB9204008FA782 /* RxBaseProject_Tests.xctest */;
			productType = "com.apple.product-type.bundle.unit-test";
		};
/* End PBXNativeTarget section */

/* Begin PBXProject section */
		607FACC81AFB9204008FA782 /* Project object */ = {
			isa = PBXProject;
			attributes = {
				LastSwiftUpdateCheck = 0720;
				LastUpgradeCheck = 0820;
				ORGANIZATIONNAME = CocoaPods;
				TargetAttributes = {
					607FACCF1AFB9204008FA782 = {
						CreatedOnToolsVersion = 6.3.1;
						DevelopmentTeam = AXBRK75K78;
						LastSwiftMigration = 0830;
					};
					607FACE41AFB9204008FA782 = {
						CreatedOnToolsVersion = 6.3.1;
						DevelopmentTeam = AXBRK75K78;
						LastSwiftMigration = 0820;
						TestTargetID = 607FACCF1AFB9204008FA782;
					};
				};
			};
			buildConfigurationList = 607FACCB1AFB9204008FA782 /* Build configuration list for PBXProject "RxBaseProject" */;
			compatibilityVersion = "Xcode 3.2";
			developmentRegion = English;
			hasScannedForEncodings = 0;
			knownRegions = (
				en,
				Base,
			);
			mainGroup = 607FACC71AFB9204008FA782;
			productRefGroup = 607FACD11AFB9204008FA782 /* Products */;
			projectDirPath = "";
			projectRoot = "";
			targets = (
				607FACCF1AFB9204008FA782 /* RxBaseProject_Example */,
				607FACE41AFB9204008FA782 /* RxBaseProject_Tests */,
			);
		};
/* End PBXProject section */

/* Begin PBXResourcesBuildPhase section */
		607FACCE1AFB9204008FA782 /* Resources */ = {
			isa = PBXResourcesBuildPhase;
			buildActionMask = 2147483647;
			files = (
				A757741E1EB0ACAD004FC921 /* NewsListTableViewCell.xib in Resources */,
				A75774081EB0A10A004FC921 /* Info.plist in Resources */,
				A75774101EB0A10A004FC921 /* LaunchScreen.xib in Resources */,
				A75774091EB0A10A004FC921 /* Images.xcassets in Resources */,
				A75774111EB0A10A004FC921 /* Main.storyboard in Resources */,
			);
			runOnlyForDeploymentPostprocessing = 0;
		};
		607FACE31AFB9204008FA782 /* Resources */ = {
			isa = PBXResourcesBuildPhase;
			buildActionMask = 2147483647;
			files = (
			);
			runOnlyForDeploymentPostprocessing = 0;
		};
/* End PBXResourcesBuildPhase section */

/* Begin PBXShellScriptBuildPhase section */
		16F383B2E213C4B6EF6F8BA0 /* [CP] Embed Pods Frameworks */ = {
			isa = PBXShellScriptBuildPhase;
			buildActionMask = 2147483647;
			files = (
			);
			inputPaths = (
			);
			name = "[CP] Embed Pods Frameworks";
			outputPaths = (
			);
			runOnlyForDeploymentPostprocessing = 0;
			shellPath = /bin/sh;
			shellScript = "\"${SRCROOT}/Pods/Target Support Files/Pods-RxBaseProject_Tests/Pods-RxBaseProject_Tests-frameworks.sh\"\n";
			showEnvVarsInLog = 0;
		};
		251B8DFF5F5CB8840D720CDE /* [CP] Check Pods Manifest.lock */ = {
			isa = PBXShellScriptBuildPhase;
			buildActionMask = 2147483647;
			files = (
			);
			inputPaths = (
			);
			name = "[CP] Check Pods Manifest.lock";
			outputPaths = (
			);
			runOnlyForDeploymentPostprocessing = 0;
			shellPath = /bin/sh;
			shellScript = "diff \"${PODS_ROOT}/../Podfile.lock\" \"${PODS_ROOT}/Manifest.lock\" > /dev/null\nif [ $? != 0 ] ; then\n    # print error to STDERR\n    echo \"error: The sandbox is not in sync with the Podfile.lock. Run 'pod install' or update your CocoaPods installation.\" >&2\n    exit 1\nfi\n";
			showEnvVarsInLog = 0;
		};
		45988B8A6C8E81B5ADF3FE22 /* [CP] Copy Pods Resources */ = {
			isa = PBXShellScriptBuildPhase;
			buildActionMask = 2147483647;
			files = (
			);
			inputPaths = (
			);
			name = "[CP] Copy Pods Resources";
			outputPaths = (
			);
			runOnlyForDeploymentPostprocessing = 0;
			shellPath = /bin/sh;
			shellScript = "\"${SRCROOT}/Pods/Target Support Files/Pods-RxBaseProject_Tests/Pods-RxBaseProject_Tests-resources.sh\"\n";
			showEnvVarsInLog = 0;
		};
		7D167ADED14603D3499E8BB8 /* [CP] Embed Pods Frameworks */ = {
			isa = PBXShellScriptBuildPhase;
			buildActionMask = 2147483647;
			files = (
			);
			inputPaths = (
			);
			name = "[CP] Embed Pods Frameworks";
			outputPaths = (
			);
			runOnlyForDeploymentPostprocessing = 0;
			shellPath = /bin/sh;
			shellScript = "\"${SRCROOT}/Pods/Target Support Files/Pods-RxBaseProject_Example/Pods-RxBaseProject_Example-frameworks.sh\"\n";
			showEnvVarsInLog = 0;
		};
		D71B308DDD32817877EF14A8 /* [CP] Copy Pods Resources */ = {
			isa = PBXShellScriptBuildPhase;
			buildActionMask = 2147483647;
			files = (
			);
			inputPaths = (
			);
			name = "[CP] Copy Pods Resources";
			outputPaths = (
			);
			runOnlyForDeploymentPostprocessing = 0;
			shellPath = /bin/sh;
			shellScript = "\"${SRCROOT}/Pods/Target Support Files/Pods-RxBaseProject_Example/Pods-RxBaseProject_Example-resources.sh\"\n";
			showEnvVarsInLog = 0;
		};
		F9807B6A60021C8607155692 /* [CP] Check Pods Manifest.lock */ = {
			isa = PBXShellScriptBuildPhase;
			buildActionMask = 2147483647;
			files = (
			);
			inputPaths = (
			);
			name = "[CP] Check Pods Manifest.lock";
			outputPaths = (
			);
			runOnlyForDeploymentPostprocessing = 0;
			shellPath = /bin/sh;
			shellScript = "diff \"${PODS_ROOT}/../Podfile.lock\" \"${PODS_ROOT}/Manifest.lock\" > /dev/null\nif [ $? != 0 ] ; then\n    # print error to STDERR\n    echo \"error: The sandbox is not in sync with the Podfile.lock. Run 'pod install' or update your CocoaPods installation.\" >&2\n    exit 1\nfi\n";
			showEnvVarsInLog = 0;
		};
/* End PBXShellScriptBuildPhase section */

/* Begin PBXSourcesBuildPhase section */
		607FACCC1AFB9204008FA782 /* Sources */ = {
			isa = PBXSourcesBuildPhase;
			buildActionMask = 2147483647;
			files = (
				A75774211EB0ACE3004FC921 /* ExampleViewModel.swift in Sources */,
				A757740C1EB0A10A004FC921 /* APIManager.swift in Sources */,
				A757740B1EB0A10A004FC921 /* NewsModel.swift in Sources */,
				A75774251EB0BEE4004FC921 /* NewsItemModel.swift in Sources */,
				A757740D1EB0A10A004FC921 /* MiniCashAPI.swift in Sources */,
				A757740A1EB0A10A004FC921 /* BaseModel.swift in Sources */,
				A75774271EB0BF74004FC921 /* BookModel.swift in Sources */,
				A75774171EB0AB0B004FC921 /* ReusableCells.swift in Sources */,
				A75774071EB0A10A004FC921 /* AppDelegate.swift in Sources */,
				A75774231EB0ACFD004FC921 /* NewListCellViewModel.swift in Sources */,
				A757741D1EB0ACAD004FC921 /* NewsListTableViewCell.swift in Sources */,
				A75774141EB0A215004FC921 /* NewsListViewController.swift in Sources */,
				A75774181EB0AB0B004FC921 /* DataSourcesListSections.swift in Sources */,
			);
			runOnlyForDeploymentPostprocessing = 0;
		};
		607FACE11AFB9204008FA782 /* Sources */ = {
			isa = PBXSourcesBuildPhase;
			buildActionMask = 2147483647;
			files = (
				607FACEC1AFB9204008FA782 /* Tests.swift in Sources */,
			);
			runOnlyForDeploymentPostprocessing = 0;
		};
/* End PBXSourcesBuildPhase section */

/* Begin PBXTargetDependency section */
		607FACE71AFB9204008FA782 /* PBXTargetDependency */ = {
			isa = PBXTargetDependency;
			target = 607FACCF1AFB9204008FA782 /* RxBaseProject_Example */;
			targetProxy = 607FACE61AFB9204008FA782 /* PBXContainerItemProxy */;
		};
/* End PBXTargetDependency section */

/* Begin PBXVariantGroup section */
		A75774031EB0A10A004FC921 /* LaunchScreen.xib */ = {
			isa = PBXVariantGroup;
			children = (
				A75774041EB0A10A004FC921 /* Base */,
			);
			name = LaunchScreen.xib;
			sourceTree = "<group>";
		};
		A75774051EB0A10A004FC921 /* Main.storyboard */ = {
			isa = PBXVariantGroup;
			children = (
				A75774061EB0A10A004FC921 /* Base */,
			);
			name = Main.storyboard;
			sourceTree = "<group>";
		};
/* End PBXVariantGroup section */

/* Begin XCBuildConfiguration section */
		607FACED1AFB9204008FA782 /* Debug */ = {
			isa = XCBuildConfiguration;
			buildSettings = {
				ALWAYS_SEARCH_USER_PATHS = NO;
				CLANG_CXX_LANGUAGE_STANDARD = "gnu++0x";
				CLANG_CXX_LIBRARY = "libc++";
				CLANG_ENABLE_MODULES = YES;
				CLANG_ENABLE_OBJC_ARC = YES;
				CLANG_WARN_BOOL_CONVERSION = YES;
				CLANG_WARN_CONSTANT_CONVERSION = YES;
				CLANG_WARN_DIRECT_OBJC_ISA_USAGE = YES_ERROR;
				CLANG_WARN_EMPTY_BODY = YES;
				CLANG_WARN_ENUM_CONVERSION = YES;
				CLANG_WARN_INFINITE_RECURSION = YES;
				CLANG_WARN_INT_CONVERSION = YES;
				CLANG_WARN_OBJC_ROOT_CLASS = YES_ERROR;
				CLANG_WARN_SUSPICIOUS_MOVE = YES;
				CLANG_WARN_UNREACHABLE_CODE = YES;
				CLANG_WARN__DUPLICATE_METHOD_MATCH = YES;
				"CODE_SIGN_IDENTITY[sdk=iphoneos*]" = "iPhone Developer";
				COPY_PHASE_STRIP = NO;
				DEBUG_INFORMATION_FORMAT = "dwarf-with-dsym";
				ENABLE_STRICT_OBJC_MSGSEND = YES;
				ENABLE_TESTABILITY = YES;
				GCC_C_LANGUAGE_STANDARD = gnu99;
				GCC_DYNAMIC_NO_PIC = NO;
				GCC_NO_COMMON_BLOCKS = YES;
				GCC_OPTIMIZATION_LEVEL = 0;
				GCC_PREPROCESSOR_DEFINITIONS = (
					"DEBUG=1",
					"$(inherited)",
				);
				GCC_SYMBOLS_PRIVATE_EXTERN = NO;
				GCC_WARN_64_TO_32_BIT_CONVERSION = YES;
				GCC_WARN_ABOUT_RETURN_TYPE = YES_ERROR;
				GCC_WARN_UNDECLARED_SELECTOR = YES;
				GCC_WARN_UNINITIALIZED_AUTOS = YES_AGGRESSIVE;
				GCC_WARN_UNUSED_FUNCTION = YES;
				GCC_WARN_UNUSED_VARIABLE = YES;
				IPHONEOS_DEPLOYMENT_TARGET = 8.3;
				MTL_ENABLE_DEBUG_INFO = YES;
				ONLY_ACTIVE_ARCH = YES;
				SDKROOT = iphoneos;
				SWIFT_OPTIMIZATION_LEVEL = "-Onone";
			};
			name = Debug;
		};
		607FACEE1AFB9204008FA782 /* Release */ = {
			isa = XCBuildConfiguration;
			buildSettings = {
				ALWAYS_SEARCH_USER_PATHS = NO;
				CLANG_CXX_LANGUAGE_STANDARD = "gnu++0x";
				CLANG_CXX_LIBRARY = "libc++";
				CLANG_ENABLE_MODULES = YES;
				CLANG_ENABLE_OBJC_ARC = YES;
				CLANG_WARN_BOOL_CONVERSION = YES;
				CLANG_WARN_CONSTANT_CONVERSION = YES;
				CLANG_WARN_DIRECT_OBJC_ISA_USAGE = YES_ERROR;
				CLANG_WARN_EMPTY_BODY = YES;
				CLANG_WARN_ENUM_CONVERSION = YES;
				CLANG_WARN_INFINITE_RECURSION = YES;
				CLANG_WARN_INT_CONVERSION = YES;
				CLANG_WARN_OBJC_ROOT_CLASS = YES_ERROR;
				CLANG_WARN_SUSPICIOUS_MOVE = YES;
				CLANG_WARN_UNREACHABLE_CODE = YES;
				CLANG_WARN__DUPLICATE_METHOD_MATCH = YES;
				"CODE_SIGN_IDENTITY[sdk=iphoneos*]" = "iPhone Developer";
				COPY_PHASE_STRIP = NO;
				DEBUG_INFORMATION_FORMAT = "dwarf-with-dsym";
				ENABLE_NS_ASSERTIONS = NO;
				ENABLE_STRICT_OBJC_MSGSEND = YES;
				GCC_C_LANGUAGE_STANDARD = gnu99;
				GCC_NO_COMMON_BLOCKS = YES;
				GCC_WARN_64_TO_32_BIT_CONVERSION = YES;
				GCC_WARN_ABOUT_RETURN_TYPE = YES_ERROR;
				GCC_WARN_UNDECLARED_SELECTOR = YES;
				GCC_WARN_UNINITIALIZED_AUTOS = YES_AGGRESSIVE;
				GCC_WARN_UNUSED_FUNCTION = YES;
				GCC_WARN_UNUSED_VARIABLE = YES;
				IPHONEOS_DEPLOYMENT_TARGET = 8.3;
				MTL_ENABLE_DEBUG_INFO = NO;
				SDKROOT = iphoneos;
				SWIFT_OPTIMIZATION_LEVEL = "-Owholemodule";
				VALIDATE_PRODUCT = YES;
			};
			name = Release;
		};
		607FACF01AFB9204008FA782 /* Debug */ = {
			isa = XCBuildConfiguration;
			baseConfigurationReference = 739050438DD8FD7963974660 /* Pods-RxBaseProject_Example.debug.xcconfig */;
			buildSettings = {
				ASSETCATALOG_COMPILER_APPICON_NAME = AppIcon;
				CLANG_ENABLE_MODULES = YES;
				DEVELOPMENT_TEAM = AXBRK75K78;
				INFOPLIST_FILE = RxBaseProject/Info.plist;
				IPHONEOS_DEPLOYMENT_TARGET = 9.1;
				LD_RUNPATH_SEARCH_PATHS = "$(inherited) @executable_path/Frameworks";
				MODULE_NAME = ExampleApp;
				PRODUCT_BUNDLE_IDENTIFIER = "org.cocoapods.demo.$(PRODUCT_NAME:rfc1034identifier)";
				PRODUCT_NAME = "$(TARGET_NAME)";
				SWIFT_OBJC_BRIDGING_HEADER = "";
				SWIFT_OPTIMIZATION_LEVEL = "-Onone";
				SWIFT_VERSION = 3.0;
			};
			name = Debug;
		};
		607FACF11AFB9204008FA782 /* Release */ = {
			isa = XCBuildConfiguration;
			baseConfigurationReference = C5639C4C3E4FD6E26611AD0C /* Pods-RxBaseProject_Example.release.xcconfig */;
			buildSettings = {
				ASSETCATALOG_COMPILER_APPICON_NAME = AppIcon;
				CLANG_ENABLE_MODULES = YES;
				DEVELOPMENT_TEAM = AXBRK75K78;
				INFOPLIST_FILE = RxBaseProject/Info.plist;
				IPHONEOS_DEPLOYMENT_TARGET = 9.1;
				LD_RUNPATH_SEARCH_PATHS = "$(inherited) @executable_path/Frameworks";
				MODULE_NAME = ExampleApp;
				PRODUCT_BUNDLE_IDENTIFIER = "org.cocoapods.demo.$(PRODUCT_NAME:rfc1034identifier)";
				PRODUCT_NAME = "$(TARGET_NAME)";
				SWIFT_OBJC_BRIDGING_HEADER = "";
				SWIFT_VERSION = 3.0;
			};
			name = Release;
		};
		607FACF31AFB9204008FA782 /* Debug */ = {
			isa = XCBuildConfiguration;
			baseConfigurationReference = 2B6EAE07340038951DEF046E /* Pods-RxBaseProject_Tests.debug.xcconfig */;
			buildSettings = {
				ALWAYS_EMBED_SWIFT_STANDARD_LIBRARIES = YES;
				DEVELOPMENT_TEAM = AXBRK75K78;
				FRAMEWORK_SEARCH_PATHS = (
					"$(SDKROOT)/Developer/Library/Frameworks",
					"$(inherited)",
				);
				GCC_PREPROCESSOR_DEFINITIONS = (
					"DEBUG=1",
					"$(inherited)",
				);
				INFOPLIST_FILE = Tests/Info.plist;
				LD_RUNPATH_SEARCH_PATHS = "$(inherited) @executable_path/Frameworks @loader_path/Frameworks";
				PRODUCT_BUNDLE_IDENTIFIER = "org.cocoapods.$(PRODUCT_NAME:rfc1034identifier)";
				PRODUCT_NAME = "$(TARGET_NAME)";
				SWIFT_VERSION = 3.0;
			};
			name = Debug;
		};
		607FACF41AFB9204008FA782 /* Release */ = {
			isa = XCBuildConfiguration;
			baseConfigurationReference = F53C8E47AACA684A521BE24B /* Pods-RxBaseProject_Tests.release.xcconfig */;
			buildSettings = {
				ALWAYS_EMBED_SWIFT_STANDARD_LIBRARIES = YES;
				DEVELOPMENT_TEAM = AXBRK75K78;
				FRAMEWORK_SEARCH_PATHS = (
					"$(SDKROOT)/Developer/Library/Frameworks",
					"$(inherited)",
				);
				INFOPLIST_FILE = Tests/Info.plist;
				LD_RUNPATH_SEARCH_PATHS = "$(inherited) @executable_path/Frameworks @loader_path/Frameworks";
				PRODUCT_BUNDLE_IDENTIFIER = "org.cocoapods.$(PRODUCT_NAME:rfc1034identifier)";
				PRODUCT_NAME = "$(TARGET_NAME)";
				SWIFT_VERSION = 3.0;
			};
			name = Release;
		};
/* End XCBuildConfiguration section */

/* Begin XCConfigurationList section */
		607FACCB1AFB9204008FA782 /* Build configuration list for PBXProject "RxBaseProject" */ = {
			isa = XCConfigurationList;
			buildConfigurations = (
				607FACED1AFB9204008FA782 /* Debug */,
				607FACEE1AFB9204008FA782 /* Release */,
			);
			defaultConfigurationIsVisible = 0;
			defaultConfigurationName = Release;
		};
		607FACEF1AFB9204008FA782 /* Build configuration list for PBXNativeTarget "RxBaseProject_Example" */ = {
			isa = XCConfigurationList;
			buildConfigurations = (
				607FACF01AFB9204008FA782 /* Debug */,
				607FACF11AFB9204008FA782 /* Release */,
			);
			defaultConfigurationIsVisible = 0;
			defaultConfigurationName = Release;
		};
		607FACF21AFB9204008FA782 /* Build configuration list for PBXNativeTarget "RxBaseProject_Tests" */ = {
			isa = XCConfigurationList;
			buildConfigurations = (
				607FACF31AFB9204008FA782 /* Debug */,
				607FACF41AFB9204008FA782 /* Release */,
			);
			defaultConfigurationIsVisible = 0;
			defaultConfigurationName = Release;
		};
/* End XCConfigurationList section */
	};
	rootObject = 607FACC81AFB9204008FA782 /* Project object */;
}
